
Microsoft Visual Studio Solution File, Format Version 12.00
# Visual Studio Version 16
VisualStudioVersion = 16.0.32802.440
MinimumVisualStudioVersion = 10.0.40219.1
Project("{FAE04EC0-301F-11D3-BF4B-00C04F79EFBC}") = "TDDMicroExercises.Tests", "TDDMicroExercises.Tests\TDDMicroExercises.Tests.csproj", "{1D2497B2-B29A-4755-A545-B0CC811BE14A}"
EndProject
Project("{FAE04EC0-301F-11D3-BF4B-00C04F79EFBC}") = "TDDMicroExercises", "CSharp\TDDMicroExercises.csproj", "{BBCF3C67-8E31-48E3-AD2E-8C605E2E07BE}"
EndProject
Global
	GlobalSection(SolutionConfigurationPlatforms) = preSolution
		Debug|Any CPU = Debug|Any CPU
		Release|Any CPU = Release|Any CPU
	EndGlobalSection
	GlobalSection(ProjectConfigurationPlatforms) = postSolution
		{1D2497B2-B29A-4755-A545-B0CC811BE14A}.Debug|Any CPU.ActiveCfg = Debug|Any CPU
		{1D2497B2-B29A-4755-A545-B0CC811BE14A}.Debug|Any CPU.Build.0 = Debug|Any CPU
		{1D2497B2-B29A-4755-A545-B0CC811BE14A}.Release|Any CPU.ActiveCfg = Release|Any CPU
		{1D2497B2-B29A-4755-A545-B0CC811BE14A}.Release|Any CPU.Build.0 = Release|Any CPU
		{BBCF3C67-8E31-48E3-AD2E-8C605E2E07BE}.Debug|Any CPU.ActiveCfg = Debug|Any CPU
		{BBCF3C67-8E31-48E3-AD2E-8C605E2E07BE}.Debug|Any CPU.Build.0 = Debug|Any CPU
		{BBCF3C67-8E31-48E3-AD2E-8C605E2E07BE}.Release|Any CPU.ActiveCfg = Release|Any CPU
		{BBCF3C67-8E31-48E3-AD2E-8C605E2E07BE}.Release|Any CPU.Build.0 = Release|Any CPU
	EndGlobalSection
	GlobalSection(SolutionProperties) = preSolution
		HideSolutionNode = FALSE
	EndGlobalSection
	GlobalSection(ExtensibilityGlobals) = postSolution
		SolutionGuid = {BCD20C8E-31DA-4F8A-8B78-B0BD4240C134}
	EndGlobalSection
EndGlobal
